// !$*UTF8*$!
{
	archiveVersion = 1;
	classes = {
	};
	objectVersion = 46;
	objects = {

/* Begin PBXBuildFile section */
		EEA0A79D1DE54E5A00D2B7C7 /* main.m in Sources */ = {isa = PBXBuildFile; fileRef = EEA0A79C1DE54E5A00D2B7C7 /* main.m */; };
		EEA0A7A01DE54E5A00D2B7C7 /* AppDelegate.m in Sources */ = {isa = PBXBuildFile; fileRef = EEA0A79F1DE54E5A00D2B7C7 /* AppDelegate.m */; };
		EEA0A7A31DE54E5A00D2B7C7 /* ViewController.m in Sources */ = {isa = PBXBuildFile; fileRef = EEA0A7A21DE54E5A00D2B7C7 /* ViewController.m */; };
		EEA0A7A61DE54E5A00D2B7C7 /* Main.storyboard in Resources */ = {isa = PBXBuildFile; fileRef = EEA0A7A41DE54E5A00D2B7C7 /* Main.storyboard */; };
		EEA0A7A81DE54E5A00D2B7C7 /* Assets.xcassets in Resources */ = {isa = PBXBuildFile; fileRef = EEA0A7A71DE54E5A00D2B7C7 /* Assets.xcassets */; };
		EEA0A7AB1DE54E5A00D2B7C7 /* LaunchScreen.storyboard in Resources */ = {isa = PBXBuildFile; fileRef = EEA0A7A91DE54E5A00D2B7C7 /* LaunchScreen.storyboard */; };
		EEA0A7B61DE54E5A00D2B7C7 /* Local_NotificationTests.m in Sources */ = {isa = PBXBuildFile; fileRef = EEA0A7B51DE54E5A00D2B7C7 /* Local_NotificationTests.m */; };
		EEA0A7C11DE54E5A00D2B7C7 /* Local_NotificationUITests.m in Sources */ = {isa = PBXBuildFile; fileRef = EEA0A7C01DE54E5A00D2B7C7 /* Local_NotificationUITests.m */; };
/* End PBXBuildFile section */

/* Begin PBXContainerItemProxy section */
		EEA0A7B21DE54E5A00D2B7C7 /* PBXContainerItemProxy */ = {
			isa = PBXContainerItemProxy;
			containerPortal = EEA0A7901DE54E5900D2B7C7 /* Project object */;
			proxyType = 1;
			remoteGlobalIDString = EEA0A7971DE54E5A00D2B7C7;
			remoteInfo = "Local Notification";
		};
		EEA0A7BD1DE54E5A00D2B7C7 /* PBXContainerItemProxy */ = {
			isa = PBXContainerItemProxy;
			containerPortal = EEA0A7901DE54E5900D2B7C7 /* Project object */;
			proxyType = 1;
			remoteGlobalIDString = EEA0A7971DE54E5A00D2B7C7;
			remoteInfo = "Local Notification";
		};
/* End PBXContainerItemProxy section */

/* Begin PBXFileReference section */
		EEA0A7981DE54E5A00D2B7C7 /* Local Notification.app */ = {isa = PBXFileReference; explicitFileType = wrapper.application; includeInIndex = 0; path = "Local Notification.app"; sourceTree = BUILT_PRODUCTS_DIR; };
		EEA0A79C1DE54E5A00D2B7C7 /* main.m */ = {isa = PBXFileReference; lastKnownFileType = sourcecode.c.objc; path = main.m; sourceTree = "<group>"; };
		EEA0A79E1DE54E5A00D2B7C7 /* AppDelegate.h */ = {isa = PBXFileReference; lastKnownFileType = sourcecode.c.h; path = AppDelegate.h; sourceTree = "<group>"; };
		EEA0A79F1DE54E5A00D2B7C7 /* AppDelegate.m */ = {isa = PBXFileReference; lastKnownFileType = sourcecode.c.objc; path = AppDelegate.m; sourceTree = "<group>"; };
		EEA0A7A11DE54E5A00D2B7C7 /* ViewController.h */ = {isa = PBXFileReference; lastKnownFileType = sourcecode.c.h; path = ViewController.h; sourceTree = "<group>"; };
		EEA0A7A21DE54E5A00D2B7C7 /* ViewController.m */ = {isa = PBXFileReference; lastKnownFileType = sourcecode.c.objc; path = ViewController.m; sourceTree = "<group>"; };
		EEA0A7A51DE54E5A00D2B7C7 /* Base */ = {isa = PBXFileReference; lastKnownFileType = file.storyboard; name = Base; path = Base.lproj/Main.storyboard; sourceTree = "<group>"; };
		EEA0A7A71DE54E5A00D2B7C7 /* Assets.xcassets */ = {isa = PBXFileReference; lastKnownFileType = folder.assetcatalog; path = Assets.xcassets; sourceTree = "<group>"; };
		EEA0A7AA1DE54E5A00D2B7C7 /* Base */ = {isa = PBXFileReference; lastKnownFileType = file.storyboard; name = Base; path = Base.lproj/LaunchScreen.storyboard; sourceTree = "<group>"; };
		EEA0A7AC1DE54E5A00D2B7C7 /* Info.plist */ = {isa = PBXFileReference; lastKnownFileType = text.plist.xml; path = Info.plist; sourceTree = "<group>"; };
		EEA0A7B11DE54E5A00D2B7C7 /* Local NotificationTests.xctest */ = {isa = PBXFileReference; explicitFileType = wrapper.cfbundle; includeInIndex = 0; path = "Local NotificationTests.xctest"; sourceTree = BUILT_PRODUCTS_DIR; };
		EEA0A7B51DE54E5A00D2B7C7 /* Local_NotificationTests.m */ = {isa = PBXFileReference; lastKnownFileType = sourcecode.c.objc; path = Local_NotificationTests.m; sourceTree = "<group>"; };
		EEA0A7B71DE54E5A00D2B7C7 /* Info.plist */ = {isa = PBXFileReference; lastKnownFileType = text.plist.xml; path = Info.plist; sourceTree = "<group>"; };
		EEA0A7BC1DE54E5A00D2B7C7 /* Local NotificationUITests.xctest */ = {isa = PBXFileReference; explicitFileType = wrapper.cfbundle; includeInIndex = 0; path = "Local NotificationUITests.xctest"; sourceTree = BUILT_PRODUCTS_DIR; };
		EEA0A7C01DE54E5A00D2B7C7 /* Local_NotificationUITests.m */ = {isa = PBXFileReference; lastKnownFileType = sourcecode.c.objc; path = Local_NotificationUITests.m; sourceTree = "<group>"; };
		EEA0A7C21DE54E5A00D2B7C7 /* Info.plist */ = {isa = PBXFileReference; lastKnownFileType = text.plist.xml; path = Info.plist; sourceTree = "<group>"; };
/* End PBXFileReference section */

/* Begin PBXFrameworksBuildPhase section */
		EEA0A7951DE54E5A00D2B7C7 /* Frameworks */ = {
			isa = PBXFrameworksBuildPhase;
			buildActionMask = 2147483647;
			files = (
			);
			runOnlyForDeploymentPostprocessing = 0;
		};
		EEA0A7AE1DE54E5A00D2B7C7 /* Frameworks */ = {
			isa = PBXFrameworksBuildPhase;
			buildActionMask = 2147483647;
			files = (
			);
			runOnlyForDeploymentPostprocessing = 0;
		};
		EEA0A7B91DE54E5A00D2B7C7 /* Frameworks */ = {
			isa = PBXFrameworksBuildPhase;
			buildActionMask = 2147483647;
			files = (
			);
			runOnlyForDeploymentPostprocessing = 0;
		};
/* End PBXFrameworksBuildPhase section */

/* Begin PBXGroup section */
		EEA0A78F1DE54E5900D2B7C7 = {
			isa = PBXGroup;
			children = (
				EEA0A79A1DE54E5A00D2B7C7 /* Local Notification */,
				EEA0A7B41DE54E5A00D2B7C7 /* Local NotificationTests */,
				EEA0A7BF1DE54E5A00D2B7C7 /* Local NotificationUITests */,
				EEA0A7991DE54E5A00D2B7C7 /* Products */,
			);
			sourceTree = "<group>";
		};
		EEA0A7991DE54E5A00D2B7C7 /* Products */ = {
			isa = PBXGroup;
			children = (
				EEA0A7981DE54E5A00D2B7C7 /* Local Notification.app */,
				EEA0A7B11DE54E5A00D2B7C7 /* Local NotificationTests.xctest */,
				EEA0A7BC1DE54E5A00D2B7C7 /* Local NotificationUITests.xctest */,
			);
			name = Products;
			sourceTree = "<group>";
		};
		EEA0A79A1DE54E5A00D2B7C7 /* Local Notification */ = {
			isa = PBXGroup;
			children = (
				EEA0A79E1DE54E5A00D2B7C7 /* AppDelegate.h */,
				EEA0A79F1DE54E5A00D2B7C7 /* AppDelegate.m */,
				EEA0A7A11DE54E5A00D2B7C7 /* ViewController.h */,
				EEA0A7A21DE54E5A00D2B7C7 /* ViewController.m */,
				EEA0A7A41DE54E5A00D2B7C7 /* Main.storyboard */,
				EEA0A7A71DE54E5A00D2B7C7 /* Assets.xcassets */,
				EEA0A7A91DE54E5A00D2B7C7 /* LaunchScreen.storyboard */,
				EEA0A7AC1DE54E5A00D2B7C7 /* Info.plist */,
				EEA0A79B1DE54E5A00D2B7C7 /* Supporting Files */,
			);
			path = "Local Notification";
			sourceTree = "<group>";
		};
		EEA0A79B1DE54E5A00D2B7C7 /* Supporting Files */ = {
			isa = PBXGroup;
			children = (
				EEA0A79C1DE54E5A00D2B7C7 /* main.m */,
			);
			name = "Supporting Files";
			sourceTree = "<group>";
		};
		EEA0A7B41DE54E5A00D2B7C7 /* Local NotificationTests */ = {
			isa = PBXGroup;
			children = (
				EEA0A7B51DE54E5A00D2B7C7 /* Local_NotificationTests.m */,
				EEA0A7B71DE54E5A00D2B7C7 /* Info.plist */,
			);
			path = "Local NotificationTests";
			sourceTree = "<group>";
		};
		EEA0A7BF1DE54E5A00D2B7C7 /* Local NotificationUITests */ = {
			isa = PBXGroup;
			children = (
				EEA0A7C01DE54E5A00D2B7C7 /* Local_NotificationUITests.m */,
				EEA0A7C21DE54E5A00D2B7C7 /* Info.plist */,
			);
			path = "Local NotificationUITests";
			sourceTree = "<group>";
		};
/* End PBXGroup section */

/* Begin PBXNativeTarget section */
		EEA0A7971DE54E5A00D2B7C7 /* Local Notification */ = {
			isa = PBXNativeTarget;
			buildConfigurationList = EEA0A7C51DE54E5A00D2B7C7 /* Build configuration list for PBXNativeTarget "Local Notification" */;
			buildPhases = (
				EEA0A7941DE54E5A00D2B7C7 /* Sources */,
				EEA0A7951DE54E5A00D2B7C7 /* Frameworks */,
				EEA0A7961DE54E5A00D2B7C7 /* Resources */,
			);
			buildRules = (
			);
			dependencies = (
			);
			name = "Local Notification";
			productName = "Local Notification";
			productReference = EEA0A7981DE54E5A00D2B7C7 /* Local Notification.app */;
			productType = "com.apple.product-type.application";
		};
		EEA0A7B01DE54E5A00D2B7C7 /* Local NotificationTests */ = {
			isa = PBXNativeTarget;
			buildConfigurationList = EEA0A7C81DE54E5A00D2B7C7 /* Build configuration list for PBXNativeTarget "Local NotificationTests" */;
			buildPhases = (
				EEA0A7AD1DE54E5A00D2B7C7 /* Sources */,
				EEA0A7AE1DE54E5A00D2B7C7 /* Frameworks */,
				EEA0A7AF1DE54E5A00D2B7C7 /* Resources */,
			);
			buildRules = (
			);
			dependencies = (
				EEA0A7B31DE54E5A00D2B7C7 /* PBXTargetDependency */,
			);
			name = "Local NotificationTests";
			productName = "Local NotificationTests";
			productReference = EEA0A7B11DE54E5A00D2B7C7 /* Local NotificationTests.xctest */;
			productType = "com.apple.product-type.bundle.unit-test";
		};
		EEA0A7BB1DE54E5A00D2B7C7 /* Local NotificationUITests */ = {
			isa = PBXNativeTarget;
			buildConfigurationList = EEA0A7CB1DE54E5A00D2B7C7 /* Build configuration list for PBXNativeTarget "Local NotificationUITests" */;
			buildPhases = (
				EEA0A7B81DE54E5A00D2B7C7 /* Sources */,
				EEA0A7B91DE54E5A00D2B7C7 /* Frameworks */,
				EEA0A7BA1DE54E5A00D2B7C7 /* Resources */,
			);
			buildRules = (
			);
			dependencies = (
				EEA0A7BE1DE54E5A00D2B7C7 /* PBXTargetDependency */,
			);
			name = "Local NotificationUITests";
			productName = "Local NotificationUITests";
			productReference = EEA0A7BC1DE54E5A00D2B7C7 /* Local NotificationUITests.xctest */;
			productType = "com.apple.product-type.bundle.ui-testing";
		};
/* End PBXNativeTarget section */

/* Begin PBXProject section */
		EEA0A7901DE54E5900D2B7C7 /* Project object */ = {
			isa = PBXProject;
			attributes = {
				LastUpgradeCheck = 0720;
				ORGANIZATIONNAME = "Felix-its";
				TargetAttributes = {
					EEA0A7971DE54E5A00D2B7C7 = {
						CreatedOnToolsVersion = 7.2;
						DevelopmentTeam = W9YQCNX9JH;
					};
					EEA0A7B01DE54E5A00D2B7C7 = {
						CreatedOnToolsVersion = 7.2;
						DevelopmentTeam = W9YQCNX9JH;
						TestTargetID = EEA0A7971DE54E5A00D2B7C7;
					};
					EEA0A7BB1DE54E5A00D2B7C7 = {
						CreatedOnToolsVersion = 7.2;
						DevelopmentTeam = W9YQCNX9JH;
						TestTargetID = EEA0A7971DE54E5A00D2B7C7;
					};
				};
			};
			buildConfigurationList = EEA0A7931DE54E5900D2B7C7 /* Build configuration list for PBXProject "Local Notification" */;
			compatibilityVersion = "Xcode 3.2";
			developmentRegion = English;
			hasScannedForEncodings = 0;
			knownRegions = (
				en,
				Base,
			);
			mainGroup = EEA0A78F1DE54E5900D2B7C7;
			productRefGroup = EEA0A7991DE54E5A00D2B7C7 /* Products */;
			projectDirPath = "";
			projectRoot = "";
			targets = (
				EEA0A7971DE54E5A00D2B7C7 /* Local Notification */,
				EEA0A7B01DE54E5A00D2B7C7 /* Local NotificationTests */,
				EEA0A7BB1DE54E5A00D2B7C7 /* Local NotificationUITests */,
			);
		};
/* End PBXProject section */

/* Begin PBXResourcesBuildPhase section */
		EEA0A7961DE54E5A00D2B7C7 /* Resources */ = {
			isa = PBXResourcesBuildPhase;
			buildActionMask = 2147483647;
			files = (
				EEA0A7AB1DE54E5A00D2B7C7 /* LaunchScreen.storyboard in Resources */,
				EEA0A7A81DE54E5A00D2B7C7 /* Assets.xcassets in Resources */,
				EEA0A7A61DE54E5A00D2B7C7 /* Main.storyboard in Resources */,
			);
			runOnlyForDeploymentPostprocessing = 0;
		};
		EEA0A7AF1DE54E5A00D2B7C7 /* Resources */ = {
			isa = PBXResourcesBuildPhase;
			buildActionMask = 2147483647;
			files = (
			);
			runOnlyForDeploymentPostprocessing = 0;
		};
		EEA0A7BA1DE54E5A00D2B7C7 /* Resources */ = {
			isa = PBXResourcesBuildPhase;
			buildActionMask = 2147483647;
			files = (
			);
			runOnlyForDeploymentPostprocessing = 0;
		};
/* End PBXResourcesBuildPhase section */

/* Begin PBXSourcesBuildPhase section */
		EEA0A7941DE54E5A00D2B7C7 /* Sources */ = {
			isa = PBXSourcesBuildPhase;
			buildActionMask = 2147483647;
			files = (
				EEA0A7A31DE54E5A00D2B7C7 /* ViewController.m in Sources */,
				EEA0A7A01DE54E5A00D2B7C7 /* AppDelegate.m in Sources */,
				EEA0A79D1DE54E5A00D2B7C7 /* main.m in Sources */,
			);
			runOnlyForDeploymentPostprocessing = 0;
		};
		EEA0A7AD1DE54E5A00D2B7C7 /* Sources */ = {
			isa = PBXSourcesBuildPhase;
			buildActionMask = 2147483647;
			files = (
				EEA0A7B61DE54E5A00D2B7C7 /* Local_NotificationTests.m in Sources */,
			);
			runOnlyForDeploymentPostprocessing = 0;
		};
		EEA0A7B81DE54E5A00D2B7C7 /* Sources */ = {
			isa = PBXSourcesBuildPhase;
			buildActionMask = 2147483647;
			files = (
				EEA0A7C11DE54E5A00D2B7C7 /* Local_NotificationUITests.m in Sources */,
			);
			runOnlyForDeploymentPostprocessing = 0;
		};
/* End PBXSourcesBuildPhase section */

/* Begin PBXTargetDependency section */
		EEA0A7B31DE54E5A00D2B7C7 /* PBXTargetDependency */ = {
			isa = PBXTargetDependency;
			target = EEA0A7971DE54E5A00D2B7C7 /* Local Notification */;
			targetProxy = EEA0A7B21DE54E5A00D2B7C7 /* PBXContainerItemProxy */;
		};
		EEA0A7BE1DE54E5A00D2B7C7 /* PBXTargetDependency */ = {
			isa = PBXTargetDependency;
			target = EEA0A7971DE54E5A00D2B7C7 /* Local Notification */;
			targetProxy = EEA0A7BD1DE54E5A00D2B7C7 /* PBXContainerItemProxy */;
		};
/* End PBXTargetDependency section */

/* Begin PBXVariantGroup section */
		EEA0A7A41DE54E5A00D2B7C7 /* Main.storyboard */ = {
			isa = PBXVariantGroup;
			children = (
				EEA0A7A51DE54E5A00D2B7C7 /* Base */,
			);
			name = Main.storyboard;
			sourceTree = "<group>";
		};
		EEA0A7A91DE54E5A00D2B7C7 /* LaunchScreen.storyboard */ = {
			isa = PBXVariantGroup;
			children = (
				EEA0A7AA1DE54E5A00D2B7C7 /* Base */,
			);
			name = LaunchScreen.storyboard;
			sourceTree = "<group>";
		};
/* End PBXVariantGroup section */

/* Begin XCBuildConfiguration section */
		EEA0A7C31DE54E5A00D2B7C7 /* Debug */ = {
			isa = XCBuildConfiguration;
			buildSettings = {
				ALWAYS_SEARCH_USER_PATHS = NO;
				CLANG_CXX_LANGUAGE_STANDARD = "gnu++0x";
				CLANG_CXX_LIBRARY = "libc++";
				CLANG_ENABLE_MODULES = YES;
				CLANG_ENABLE_OBJC_ARC = YES;
				CLANG_WARN_BOOL_CONVERSION = YES;
				CLANG_WARN_CONSTANT_CONVERSION = YES;
				CLANG_WARN_DIRECT_OBJC_ISA_USAGE = YES_ERROR;
				CLANG_WARN_EMPTY_BODY = YES;
				CLANG_WARN_ENUM_CONVERSION = YES;
				CLANG_WARN_INT_CONVERSION = YES;
				CLANG_WARN_OBJC_ROOT_CLASS = YES_ERROR;
				CLANG_WARN_UNREACHABLE_CODE = YES;
				CLANG_WARN__DUPLICATE_METHOD_MATCH = YES;
				"CODE_SIGN_IDENTITY[sdk=iphoneos*]" = "iPhone Developer";
				COPY_PHASE_STRIP = NO;
				DEBUG_INFORMATION_FORMAT = dwarf;
				ENABLE_STRICT_OBJC_MSGSEND = YES;
				ENABLE_TESTABILITY = YES;
				GCC_C_LANGUAGE_STANDARD = gnu99;
				GCC_DYNAMIC_NO_PIC = NO;
				GCC_NO_COMMON_BLOCKS = YES;
				GCC_OPTIMIZATION_LEVEL = 0;
				GCC_PREPROCESSOR_DEFINITIONS = (
					"DEBUG=1",
					"$(inherited)",
				);
				GCC_WARN_64_TO_32_BIT_CONVERSION = YES;
				GCC_WARN_ABOUT_RETURN_TYPE = YES_ERROR;
				GCC_WARN_UNDECLARED_SELECTOR = YES;
				GCC_WARN_UNINITIALIZED_AUTOS = YES_AGGRESSIVE;
				GCC_WARN_UNUSED_FUNCTION = YES;
				GCC_WARN_UNUSED_VARIABLE = YES;
				IPHONEOS_DEPLOYMENT_TARGET = 9.2;
				MTL_ENABLE_DEBUG_INFO = YES;
				ONLY_ACTIVE_ARCH = YES;
				SDKROOT = iphoneos;
				TARGETED_DEVICE_FAMILY = "1,2";
			};
			name = Debug;
		};
		EEA0A7C41DE54E5A00D2B7C7 /* Release */ = {
			isa = XCBuildConfiguration;
			buildSettings = {
				ALWAYS_SEARCH_USER_PATHS = NO;
				CLANG_CXX_LANGUAGE_STANDARD = "gnu++0x";
				CLANG_CXX_LIBRARY = "libc++";
				CLANG_ENABLE_MODULES = YES;
				CLANG_ENABLE_OBJC_ARC = YES;
				CLANG_WARN_BOOL_CONVERSION = YES;
				CLANG_WARN_CONSTANT_CONVERSION = YES;
				CLANG_WARN_DIRECT_OBJC_ISA_USAGE = YES_ERROR;
				CLANG_WARN_EMPTY_BODY = YES;
				CLANG_WARN_ENUM_CONVERSION = YES;
				CLANG_WARN_INT_CONVERSION = YES;
				CLANG_WARN_OBJC_ROOT_CLASS = YES_ERROR;
				CLANG_WARN_UNREACHABLE_CODE = YES;
				CLANG_WARN__DUPLICATE_METHOD_MATCH = YES;
				"CODE_SIGN_IDENTITY[sdk=iphoneos*]" = "iPhone Developer";
				COPY_PHASE_STRIP = NO;
				DEBUG_INFORMATION_FORMAT = "dwarf-with-dsym";
				ENABLE_NS_ASSERTIONS = NO;
				ENABLE_STRICT_OBJC_MSGSEND = YES;
				GCC_C_LANGUAGE_STANDARD = gnu99;
				GCC_NO_COMMON_BLOCKS = YES;
				GCC_WARN_64_TO_32_BIT_CONVERSION = YES;
				GCC_WARN_ABOUT_RETURN_TYPE = YES_ERROR;
				GCC_WARN_UNDECLARED_SELECTOR = YES;
				GCC_WARN_UNINITIALIZED_AUTOS = YES_AGGRESSIVE;
				GCC_WARN_UNUSED_FUNCTION = YES;
				GCC_WARN_UNUSED_VARIABLE = YES;
				IPHONEOS_DEPLOYMENT_TARGET = 9.2;
				MTL_ENABLE_DEBUG_INFO = NO;
				SDKROOT = iphoneos;
				TARGETED_DEVICE_FAMILY = "1,2";
				VALIDATE_PRODUCT = YES;
			};
			name = Release;
		};
		EEA0A7C61DE54E5A00D2B7C7 /* Debug */ = {
			isa = XCBuildConfiguration;
			buildSettings = {
				ASSETCATALOG_COMPILER_APPICON_NAME = AppIcon;
				INFOPLIST_FILE = "Local Notification/Info.plist";
				LD_RUNPATH_SEARCH_PATHS = "$(inherited) @executable_path/Frameworks";
				PRODUCT_BUNDLE_IDENTIFIER = "Kalpesh.Local-Notification";
				PRODUCT_NAME = "$(TARGET_NAME)";
			};
			name = Debug;
		};
		EEA0A7C71DE54E5A00D2B7C7 /* Release */ = {
			isa = XCBuildConfiguration;
			buildSettings = {
				ASSETCATALOG_COMPILER_APPICON_NAME = AppIcon;
				INFOPLIST_FILE = "Local Notification/Info.plist";
				LD_RUNPATH_SEARCH_PATHS = "$(inherited) @executable_path/Frameworks";
				PRODUCT_BUNDLE_IDENTIFIER = "Kalpesh.Local-Notification";
				PRODUCT_NAME = "$(TARGET_NAME)";
			};
			name = Release;
		};
		EEA0A7C91DE54E5A00D2B7C7 /* Debug */ = {
			isa = XCBuildConfiguration;
			buildSettings = {
				BUNDLE_LOADER = "$(TEST_HOST)";
				INFOPLIST_FILE = "Local NotificationTests/Info.plist";
				LD_RUNPATH_SEARCH_PATHS = "$(inherited) @executable_path/Frameworks @loader_path/Frameworks";
				PRODUCT_BUNDLE_IDENTIFIER = "Kalpesh.Local-NotificationTests";
				PRODUCT_NAME = "$(TARGET_NAME)";
				TEST_HOST = "$(BUILT_PRODUCTS_DIR)/Local Notification.app/Local Notification";
			};
			name = Debug;
		};
		EEA0A7CA1DE54E5A00D2B7C7 /* Release */ = {
			isa = XCBuildConfiguration;
			buildSettings = {
				BUNDLE_LOADER = "$(TEST_HOST)";
				INFOPLIST_FILE = "Local NotificationTests/Info.plist";
				LD_RUNPATH_SEARCH_PATHS = "$(inherited) @executable_path/Frameworks @loader_path/Frameworks";
				PRODUCT_BUNDLE_IDENTIFIER = "Kalpesh.Local-NotificationTests";
				PRODUCT_NAME = "$(TARGET_NAME)";
				TEST_HOST = "$(BUILT_PRODUCTS_DIR)/Local Notification.app/Local Notification";
			};
			name = Release;
		};
		EEA0A7CC1DE54E5A00D2B7C7 /* Debug */ = {
			isa = XCBuildConfiguration;
			buildSettings = {
				INFOPLIST_FILE = "Local NotificationUITests/Info.plist";
				LD_RUNPATH_SEARCH_PATHS = "$(inherited) @executable_path/Frameworks @loader_path/Frameworks";
				PRODUCT_BUNDLE_IDENTIFIER = "Kalpesh.Local-NotificationUITests";
				PRODUCT_NAME = "$(TARGET_NAME)";
				TEST_TARGET_NAME = "Local Notification";
				USES_XCTRUNNER = YES;
			};
			name = Debug;
		};
		EEA0A7CD1DE54E5A00D2B7C7 /* Release */ = {
			isa = XCBuildConfiguration;
			buildSettings = {
				INFOPLIST_FILE = "Local NotificationUITests/Info.plist";
				LD_RUNPATH_SEARCH_PATHS = "$(inherited) @executable_path/Frameworks @loader_path/Frameworks";
				PRODUCT_BUNDLE_IDENTIFIER = "Kalpesh.Local-NotificationUITests";
				PRODUCT_NAME = "$(TARGET_NAME)";
				TEST_TARGET_NAME = "Local Notification";
				USES_XCTRUNNER = YES;
			};
			name = Release;
		};
/* End XCBuildConfiguration section */

/* Begin XCConfigurationList section */
		EEA0A7931DE54E5900D2B7C7 /* Build configuration list for PBXProject "Local Notification" */ = {
			isa = XCConfigurationList;
			buildConfigurations = (
				EEA0A7C31DE54E5A00D2B7C7 /* Debug */,
				EEA0A7C41DE54E5A00D2B7C7 /* Release */,
			);
			defaultConfigurationIsVisible = 0;
			defaultConfigurationName = Release;
		};
		EEA0A7C51DE54E5A00D2B7C7 /* Build configuration list for PBXNativeTarget "Local Notification" */ = {
			isa = XCConfigurationList;
			buildConfigurations = (
				EEA0A7C61DE54E5A00D2B7C7 /* Debug */,
				EEA0A7C71DE54E5A00D2B7C7 /* Release */,
			);
			defaultConfigurationIsVisible = 0;
		};
		EEA0A7C81DE54E5A00D2B7C7 /* Build configuration list for PBXNativeTarget "Local NotificationTests" */ = {
			isa = XCConfigurationList;
			buildConfigurations = (
				EEA0A7C91DE54E5A00D2B7C7 /* Debug */,
				EEA0A7CA1DE54E5A00D2B7C7 /* Release */,
			);
			defaultConfigurationIsVisible = 0;
		};
		EEA0A7CB1DE54E5A00D2B7C7 /* Build configuration list for PBXNativeTarget "Local NotificationUITests" */ = {
			isa = XCConfigurationList;
			buildConfigurations = (
				EEA0A7CC1DE54E5A00D2B7C7 /* Debug */,
				EEA0A7CD1DE54E5A00D2B7C7 /* Release */,
			);
			defaultConfigurationIsVisible = 0;
		};
/* End XCConfigurationList section */
	};
	rootObject = EEA0A7901DE54E5900D2B7C7 /* Project object */;
}
